
Microsoft Visual Studio Solution File, Format Version 12.00
# Visual Studio Version 17
VisualStudioVersion = 17.3.32819.101
MinimumVisualStudioVersion = 10.0.40219.1
Project("{9A19103F-16F7-4668-BE54-9A1E7A4F7556}") = "HCI-Tim-15-2023", "HCI-Tim-15-2023.csproj", "{DDFAE8B0-4210-45DC-9BCF-BE35BA9F32A0}"
EndProject
Global
	GlobalSection(SolutionConfigurationPlatforms) = preSolution
		Debug|Any CPU = Debug|Any CPU
		Release|Any CPU = Release|Any CPU
	EndGlobalSection
	GlobalSection(ProjectConfigurationPlatforms) = postSolution
		{DDFAE8B0-4210-45DC-9BCF-BE35BA9F32A0}.Debug|Any CPU.ActiveCfg = Release|Any CPU
		{DDFAE8B0-4210-45DC-9BCF-BE35BA9F32A0}.Debug|Any CPU.Build.0 = Release|Any CPU
		{DDFAE8B0-4210-45DC-9BCF-BE35BA9F32A0}.Release|Any CPU.ActiveCfg = Release|Any CPU
		{DDFAE8B0-4210-45DC-9BCF-BE35BA9F32A0}.Release|Any CPU.Build.0 = Release|Any CPU
	EndGlobalSection
	GlobalSection(SolutionProperties) = preSolution
		HideSolutionNode = FALSE
	EndGlobalSection
	GlobalSection(ExtensibilityGlobals) = postSolution
		SolutionGuid = {2E1B5B91-8359-4D16-8F11-56F2595157BB}
	EndGlobalSection
EndGlobal
